
Microsoft Visual Studio Solution File, Format Version 12.00
# Visual Studio Version 17
VisualStudioVersion = 17.5.33530.505
MinimumVisualStudioVersion = 10.0.40219.1
Project("{FAE04EC0-301F-11D3-BF4B-00C04F79EFBC}") = "MobTablet.Android", "MobTablet\MobTablet.Android\MobTablet.Android.csproj", "{9EDEB1D9-1648-4B9F-AFC5-053F0FBCFA2C}"
EndProject
Project("{FAE04EC0-301F-11D3-BF4B-00C04F79EFBC}") = "MobTablet.iOS", "MobTablet\MobTablet.iOS\MobTablet.iOS.csproj", "{9BE1CB3F-23DA-4B42-9799-19D2F4A0FD0C}"
EndProject
Project("{FAE04EC0-301F-11D3-BF4B-00C04F79EFBC}") = "MobTablet", "MobTablet\MobTablet\MobTablet.csproj", "{8F82975F-130D-4095-A6A1-85A547FF220D}"
EndProject
Global
	GlobalSection(SolutionConfigurationPlatforms) = preSolution
		Debug|Any CPU = Debug|Any CPU
		Debug|iPhone = Debug|iPhone
		Debug|iPhoneSimulator = Debug|iPhoneSimulator
		Release|Any CPU = Release|Any CPU
		Release|iPhone = Release|iPhone
		Release|iPhoneSimulator = Release|iPhoneSimulator
	EndGlobalSection
	GlobalSection(ProjectConfigurationPlatforms) = postSolution
		{9EDEB1D9-1648-4B9F-AFC5-053F0FBCFA2C}.Debug|Any CPU.ActiveCfg = Debug|Any CPU
		{9EDEB1D9-1648-4B9F-AFC5-053F0FBCFA2C}.Debug|Any CPU.Build.0 = Debug|Any CPU
		{9EDEB1D9-1648-4B9F-AFC5-053F0FBCFA2C}.Debug|Any CPU.Deploy.0 = Debug|Any CPU
		{9EDEB1D9-1648-4B9F-AFC5-053F0FBCFA2C}.Debug|iPhone.ActiveCfg = Debug|Any CPU
		{9EDEB1D9-1648-4B9F-AFC5-053F0FBCFA2C}.Debug|iPhone.Build.0 = Debug|Any CPU
		{9EDEB1D9-1648-4B9F-AFC5-053F0FBCFA2C}.Debug|iPhone.Deploy.0 = Debug|Any CPU
		{9EDEB1D9-1648-4B9F-AFC5-053F0FBCFA2C}.Debug|iPhoneSimulator.ActiveCfg = Debug|Any CPU
		{9EDEB1D9-1648-4B9F-AFC5-053F0FBCFA2C}.Debug|iPhoneSimulator.Build.0 = Debug|Any CPU
		{9EDEB1D9-1648-4B9F-AFC5-053F0FBCFA2C}.Debug|iPhoneSimulator.Deploy.0 = Debug|Any CPU
		{9EDEB1D9-1648-4B9F-AFC5-053F0FBCFA2C}.Release|Any CPU.ActiveCfg = Release|Any CPU
		{9EDEB1D9-1648-4B9F-AFC5-053F0FBCFA2C}.Release|Any CPU.Build.0 = Release|Any CPU
		{9EDEB1D9-1648-4B9F-AFC5-053F0FBCFA2C}.Release|Any CPU.Deploy.0 = Release|Any CPU
		{9EDEB1D9-1648-4B9F-AFC5-053F0FBCFA2C}.Release|iPhone.ActiveCfg = Release|Any CPU
		{9EDEB1D9-1648-4B9F-AFC5-053F0FBCFA2C}.Release|iPhone.Build.0 = Release|Any CPU
		{9EDEB1D9-1648-4B9F-AFC5-053F0FBCFA2C}.Release|iPhone.Deploy.0 = Release|Any CPU
		{9EDEB1D9-1648-4B9F-AFC5-053F0FBCFA2C}.Release|iPhoneSimulator.ActiveCfg = Release|Any CPU
		{9EDEB1D9-1648-4B9F-AFC5-053F0FBCFA2C}.Release|iPhoneSimulator.Build.0 = Release|Any CPU
		{9EDEB1D9-1648-4B9F-AFC5-053F0FBCFA2C}.Release|iPhoneSimulator.Deploy.0 = Release|Any CPU
		{9BE1CB3F-23DA-4B42-9799-19D2F4A0FD0C}.Debug|Any CPU.ActiveCfg = Debug|iPhone
		{9BE1CB3F-23DA-4B42-9799-19D2F4A0FD0C}.Debug|Any CPU.Build.0 = Debug|iPhone
		{9BE1CB3F-23DA-4B42-9799-19D2F4A0FD0C}.Debug|Any CPU.Deploy.0 = Debug|iPhone
		{9BE1CB3F-23DA-4B42-9799-19D2F4A0FD0C}.Debug|iPhone.ActiveCfg = Debug|iPhone
		{9BE1CB3F-23DA-4B42-9799-19D2F4A0FD0C}.Debug|iPhone.Build.0 = Debug|iPhone
		{9BE1CB3F-23DA-4B42-9799-19D2F4A0FD0C}.Debug|iPhone.Deploy.0 = Debug|iPhone
		{9BE1CB3F-23DA-4B42-9799-19D2F4A0FD0C}.Debug|iPhoneSimulator.ActiveCfg = Debug|iPhoneSimulator
		{9BE1CB3F-23DA-4B42-9799-19D2F4A0FD0C}.Debug|iPhoneSimulator.Build.0 = Debug|iPhoneSimulator
		{9BE1CB3F-23DA-4B42-9799-19D2F4A0FD0C}.Debug|iPhoneSimulator.Deploy.0 = Debug|iPhoneSimulator
		{9BE1CB3F-23DA-4B42-9799-19D2F4A0FD0C}.Release|Any CPU.ActiveCfg = Release|iPhoneSimulator
		{9BE1CB3F-23DA-4B42-9799-19D2F4A0FD0C}.Release|Any CPU.Build.0 = Release|iPhoneSimulator
		{9BE1CB3F-23DA-4B42-9799-19D2F4A0FD0C}.Release|Any CPU.Deploy.0 = Release|iPhoneSimulator
		{9BE1CB3F-23DA-4B42-9799-19D2F4A0FD0C}.Release|iPhone.ActiveCfg = Release|iPhone
		{9BE1CB3F-23DA-4B42-9799-19D2F4A0FD0C}.Release|iPhone.Build.0 = Release|iPhone
		{9BE1CB3F-23DA-4B42-9799-19D2F4A0FD0C}.Release|iPhone.Deploy.0 = Release|iPhone
		{9BE1CB3F-23DA-4B42-9799-19D2F4A0FD0C}.Release|iPhoneSimulator.ActiveCfg = Release|iPhoneSimulator
		{9BE1CB3F-23DA-4B42-9799-19D2F4A0FD0C}.Release|iPhoneSimulator.Build.0 = Release|iPhoneSimulator
		{9BE1CB3F-23DA-4B42-9799-19D2F4A0FD0C}.Release|iPhoneSimulator.Deploy.0 = Release|iPhoneSimulator
		{8F82975F-130D-4095-A6A1-85A547FF220D}.Debug|Any CPU.ActiveCfg = Debug|Any CPU
		{8F82975F-130D-4095-A6A1-85A547FF220D}.Debug|Any CPU.Build.0 = Debug|Any CPU
		{8F82975F-130D-4095-A6A1-85A547FF220D}.Debug|Any CPU.Deploy.0 = Debug|Any CPU
		{8F82975F-130D-4095-A6A1-85A547FF220D}.Debug|iPhone.ActiveCfg = Debug|Any CPU
		{8F82975F-130D-4095-A6A1-85A547FF220D}.Debug|iPhone.Build.0 = Debug|Any CPU
		{8F82975F-130D-4095-A6A1-85A547FF220D}.Debug|iPhone.Deploy.0 = Debug|Any CPU
		{8F82975F-130D-4095-A6A1-85A547FF220D}.Debug|iPhoneSimulator.ActiveCfg = Debug|Any CPU
		{8F82975F-130D-4095-A6A1-85A547FF220D}.Debug|iPhoneSimulator.Build.0 = Debug|Any CPU
		{8F82975F-130D-4095-A6A1-85A547FF220D}.Debug|iPhoneSimulator.Deploy.0 = Debug|Any CPU
		{8F82975F-130D-4095-A6A1-85A547FF220D}.Release|Any CPU.ActiveCfg = Release|Any CPU
		{8F82975F-130D-4095-A6A1-85A547FF220D}.Release|Any CPU.Build.0 = Release|Any CPU
		{8F82975F-130D-4095-A6A1-85A547FF220D}.Release|Any CPU.Deploy.0 = Release|Any CPU
		{8F82975F-130D-4095-A6A1-85A547FF220D}.Release|iPhone.ActiveCfg = Release|Any CPU
		{8F82975F-130D-4095-A6A1-85A547FF220D}.Release|iPhone.Build.0 = Release|Any CPU
		{8F82975F-130D-4095-A6A1-85A547FF220D}.Release|iPhone.Deploy.0 = Release|Any CPU
		{8F82975F-130D-4095-A6A1-85A547FF220D}.Release|iPhoneSimulator.ActiveCfg = Release|Any CPU
		{8F82975F-130D-4095-A6A1-85A547FF220D}.Release|iPhoneSimulator.Build.0 = Release|Any CPU
		{8F82975F-130D-4095-A6A1-85A547FF220D}.Release|iPhoneSimulator.Deploy.0 = Release|Any CPU
	EndGlobalSection
	GlobalSection(SolutionProperties) = preSolution
		HideSolutionNode = FALSE
	EndGlobalSection
	GlobalSection(ExtensibilityGlobals) = postSolution
		SolutionGuid = {4D93269A-1FD7-42C6-A202-83E8C3D346F4}
	EndGlobalSection
EndGlobal
